
Microsoft Visual Studio Solution File, Format Version 12.00
# Visual Studio 15
Project("{FAE04EC0-301F-11D3-BF4B-00C04F79EFBC}") = "PassGen", "PassGen\PassGen.csproj", "{F225E641-98D5-4349-B776-1A58B519D190}"
EndProject
Global
	GlobalSection(SolutionConfigurationPlatforms) = preSolution
		Debug|x86 = Debug|x86
		Release|x86 = Release|x86
	EndGlobalSection
	GlobalSection(ProjectConfigurationPlatforms) = postSolution
		{F225E641-98D5-4349-B776-1A58B519D190}.Debug|x86.ActiveCfg = Debug|x86
		{F225E641-98D5-4349-B776-1A58B519D190}.Debug|x86.Build.0 = Debug|x86
		{F225E641-98D5-4349-B776-1A58B519D190}.Release|x86.ActiveCfg = Release|x86
		{F225E641-98D5-4349-B776-1A58B519D190}.Release|x86.Build.0 = Release|x86
	EndGlobalSection
EndGlobal
