
Microsoft Visual Studio Solution File, Format Version 12.00
# Visual Studio 15
VisualStudioVersion = 15.0.28010.2036
MinimumVisualStudioVersion = 10.0.40219.1
Project("{FAE04EC0-301F-11D3-BF4B-00C04F79EFBC}") = "CS_Basics", "CS_Basics\CS_Basics.csproj", "{CCBD89CB-8A45-4BB0-8956-C503A13926B7}"
EndProject
Project("{FAE04EC0-301F-11D3-BF4B-00C04F79EFBC}") = "PassGen", "PassGen\PassGen.csproj", "{0E1B85B8-6492-4D09-95F5-0E5A673671EE}"
EndProject
Global
	GlobalSection(SolutionConfigurationPlatforms) = preSolution
		Debug|Any CPU = Debug|Any CPU
		Debug|x64 = Debug|x64
		Debug|x86 = Debug|x86
		Release|Any CPU = Release|Any CPU
		Release|x64 = Release|x64
		Release|x86 = Release|x86
		Run|Any CPU = Run|Any CPU
		Run|x64 = Run|x64
		Run|x86 = Run|x86
	EndGlobalSection
	GlobalSection(ProjectConfigurationPlatforms) = postSolution
		{CCBD89CB-8A45-4BB0-8956-C503A13926B7}.Debug|Any CPU.ActiveCfg = Debug|Any CPU
		{CCBD89CB-8A45-4BB0-8956-C503A13926B7}.Debug|Any CPU.Build.0 = Debug|Any CPU
		{CCBD89CB-8A45-4BB0-8956-C503A13926B7}.Debug|x64.ActiveCfg = Debug|x64
		{CCBD89CB-8A45-4BB0-8956-C503A13926B7}.Debug|x64.Build.0 = Debug|x64
		{CCBD89CB-8A45-4BB0-8956-C503A13926B7}.Debug|x86.ActiveCfg = Debug|x86
		{CCBD89CB-8A45-4BB0-8956-C503A13926B7}.Debug|x86.Build.0 = Debug|x86
		{CCBD89CB-8A45-4BB0-8956-C503A13926B7}.Release|Any CPU.ActiveCfg = Release|Any CPU
		{CCBD89CB-8A45-4BB0-8956-C503A13926B7}.Release|Any CPU.Build.0 = Release|Any CPU
		{CCBD89CB-8A45-4BB0-8956-C503A13926B7}.Release|x64.ActiveCfg = Release|x64
		{CCBD89CB-8A45-4BB0-8956-C503A13926B7}.Release|x64.Build.0 = Release|x64
		{CCBD89CB-8A45-4BB0-8956-C503A13926B7}.Release|x86.ActiveCfg = Release|x86
		{CCBD89CB-8A45-4BB0-8956-C503A13926B7}.Release|x86.Build.0 = Release|x86
		{CCBD89CB-8A45-4BB0-8956-C503A13926B7}.Run|Any CPU.ActiveCfg = Run|Any CPU
		{CCBD89CB-8A45-4BB0-8956-C503A13926B7}.Run|Any CPU.Build.0 = Run|Any CPU
		{CCBD89CB-8A45-4BB0-8956-C503A13926B7}.Run|x64.ActiveCfg = Run|x64
		{CCBD89CB-8A45-4BB0-8956-C503A13926B7}.Run|x64.Build.0 = Run|x64
		{CCBD89CB-8A45-4BB0-8956-C503A13926B7}.Run|x86.ActiveCfg = Run|x86
		{CCBD89CB-8A45-4BB0-8956-C503A13926B7}.Run|x86.Build.0 = Run|x86
		{0E1B85B8-6492-4D09-95F5-0E5A673671EE}.Debug|Any CPU.ActiveCfg = Debug|Any CPU
		{0E1B85B8-6492-4D09-95F5-0E5A673671EE}.Debug|Any CPU.Build.0 = Debug|Any CPU
		{0E1B85B8-6492-4D09-95F5-0E5A673671EE}.Debug|x64.ActiveCfg = Debug|Any CPU
		{0E1B85B8-6492-4D09-95F5-0E5A673671EE}.Debug|x64.Build.0 = Debug|Any CPU
		{0E1B85B8-6492-4D09-95F5-0E5A673671EE}.Debug|x86.ActiveCfg = Debug|Any CPU
		{0E1B85B8-6492-4D09-95F5-0E5A673671EE}.Debug|x86.Build.0 = Debug|Any CPU
		{0E1B85B8-6492-4D09-95F5-0E5A673671EE}.Release|Any CPU.ActiveCfg = Release|Any CPU
		{0E1B85B8-6492-4D09-95F5-0E5A673671EE}.Release|Any CPU.Build.0 = Release|Any CPU
		{0E1B85B8-6492-4D09-95F5-0E5A673671EE}.Release|x64.ActiveCfg = Release|Any CPU
		{0E1B85B8-6492-4D09-95F5-0E5A673671EE}.Release|x64.Build.0 = Release|Any CPU
		{0E1B85B8-6492-4D09-95F5-0E5A673671EE}.Release|x86.ActiveCfg = Release|Any CPU
		{0E1B85B8-6492-4D09-95F5-0E5A673671EE}.Release|x86.Build.0 = Release|Any CPU
		{0E1B85B8-6492-4D09-95F5-0E5A673671EE}.Run|Any CPU.ActiveCfg = Release|Any CPU
		{0E1B85B8-6492-4D09-95F5-0E5A673671EE}.Run|Any CPU.Build.0 = Release|Any CPU
		{0E1B85B8-6492-4D09-95F5-0E5A673671EE}.Run|x64.ActiveCfg = Release|Any CPU
		{0E1B85B8-6492-4D09-95F5-0E5A673671EE}.Run|x64.Build.0 = Release|Any CPU
		{0E1B85B8-6492-4D09-95F5-0E5A673671EE}.Run|x86.ActiveCfg = Release|Any CPU
		{0E1B85B8-6492-4D09-95F5-0E5A673671EE}.Run|x86.Build.0 = Release|Any CPU
	EndGlobalSection
	GlobalSection(SolutionProperties) = preSolution
		HideSolutionNode = FALSE
	EndGlobalSection
	GlobalSection(ExtensibilityGlobals) = postSolution
		SolutionGuid = {5378CEEB-90B0-458F-B883-27FE2379C887}
	EndGlobalSection
EndGlobal
